
Microsoft Visual Studio Solution File, Format Version 12.00
# Visual Studio 15
VisualStudioVersion = 15.0.27004.2002
MinimumVisualStudioVersion = 10.0.40219.1
Project("{FAE04EC0-301F-11D3-BF4B-00C04F79EFBC}") = "Wedding", "Wedding\Wedding.csproj", "{B5EFD83B-A0F2-43C2-BDC6-36A841B2661A}"
EndProject
Global
	GlobalSection(SolutionConfigurationPlatforms) = preSolution
		Debug|Any CPU = Debug|Any CPU
		Release|Any CPU = Release|Any CPU
	EndGlobalSection
	GlobalSection(ProjectConfigurationPlatforms) = postSolution
		{B5EFD83B-A0F2-43C2-BDC6-36A841B2661A}.Debug|Any CPU.ActiveCfg = Debug|Any CPU
		{B5EFD83B-A0F2-43C2-BDC6-36A841B2661A}.Debug|Any CPU.Build.0 = Debug|Any CPU
		{B5EFD83B-A0F2-43C2-BDC6-36A841B2661A}.Release|Any CPU.ActiveCfg = Release|Any CPU
		{B5EFD83B-A0F2-43C2-BDC6-36A841B2661A}.Release|Any CPU.Build.0 = Release|Any CPU
	EndGlobalSection
	GlobalSection(SolutionProperties) = preSolution
		HideSolutionNode = FALSE
	EndGlobalSection
	GlobalSection(ExtensibilityGlobals) = postSolution
		SolutionGuid = {F1B67242-FD28-4FB5-9643-49256A32F7B1}
	EndGlobalSection
EndGlobal
